// !$*UTF8*$!
{
	archiveVersion = 1;
	classes = {
	};
	objectVersion = 46;
	objects = {

/* Begin PBXBuildFile section */
		75AE925C1D6E0AF30046A1C9 /* AppDelegate.swift in Sources */ = {isa = PBXBuildFile; fileRef = 75AE925B1D6E0AF30046A1C9 /* AppDelegate.swift */; };
		75AE925E1D6E0AF30046A1C9 /* ViewController.swift in Sources */ = {isa = PBXBuildFile; fileRef = 75AE925D1D6E0AF30046A1C9 /* ViewController.swift */; };
		75AE92611D6E0AF30046A1C9 /* Main.storyboard in Resources */ = {isa = PBXBuildFile; fileRef = 75AE925F1D6E0AF30046A1C9 /* Main.storyboard */; };
		75AE92631D6E0AF30046A1C9 /* Assets.xcassets in Resources */ = {isa = PBXBuildFile; fileRef = 75AE92621D6E0AF30046A1C9 /* Assets.xcassets */; };
		75AE926E1D6E249B0046A1C9 /* LaunchScreen.storyboard in Resources */ = {isa = PBXBuildFile; fileRef = 75AE926D1D6E249B0046A1C9 /* LaunchScreen.storyboard */; };
/* End PBXBuildFile section */

/* Begin PBXFileReference section */
		75AE92581D6E0AF30046A1C9 /* daVinci.app */ = {isa = PBXFileReference; explicitFileType = wrapper.application; includeInIndex = 0; path = daVinci.app; sourceTree = BUILT_PRODUCTS_DIR; };
		75AE925B1D6E0AF30046A1C9 /* AppDelegate.swift */ = {isa = PBXFileReference; lastKnownFileType = sourcecode.swift; path = AppDelegate.swift; sourceTree = "<group>"; };
		75AE925D1D6E0AF30046A1C9 /* ViewController.swift */ = {isa = PBXFileReference; lastKnownFileType = sourcecode.swift; path = ViewController.swift; sourceTree = "<group>"; };
		75AE92601D6E0AF30046A1C9 /* Base */ = {isa = PBXFileReference; lastKnownFileType = file.storyboard; name = Base; path = Base.lproj/Main.storyboard; sourceTree = "<group>"; };
		75AE92621D6E0AF30046A1C9 /* Assets.xcassets */ = {isa = PBXFileReference; lastKnownFileType = folder.assetcatalog; path = Assets.xcassets; sourceTree = "<group>"; };
		75AE92671D6E0AF30046A1C9 /* Info.plist */ = {isa = PBXFileReference; lastKnownFileType = text.plist.xml; path = Info.plist; sourceTree = "<group>"; };
		75AE926D1D6E249B0046A1C9 /* LaunchScreen.storyboard */ = {isa = PBXFileReference; fileEncoding = 4; lastKnownFileType = file.storyboard; name = LaunchScreen.storyboard; path = ../LaunchScreen.storyboard; sourceTree = "<group>"; };
/* End PBXFileReference section */

/* Begin PBXFrameworksBuildPhase section */
		75AE92551D6E0AF30046A1C9 /* Frameworks */ = {
			isa = PBXFrameworksBuildPhase;
			buildActionMask = 2147483647;
			files = (
			);
			runOnlyForDeploymentPostprocessing = 0;
		};
/* End PBXFrameworksBuildPhase section */

/* Begin PBXGroup section */
		75AE924F1D6E0AF30046A1C9 = {
			isa = PBXGroup;
			children = (
				75AE925A1D6E0AF30046A1C9 /* daVinci */,
				75AE92591D6E0AF30046A1C9 /* Products */,
			);
			sourceTree = "<group>";
		};
		75AE92591D6E0AF30046A1C9 /* Products */ = {
			isa = PBXGroup;
			children = (
				75AE92581D6E0AF30046A1C9 /* daVinci.app */,
			);
			name = Products;
			sourceTree = "<group>";
		};
		75AE925A1D6E0AF30046A1C9 /* daVinci */ = {
			isa = PBXGroup;
			children = (
				75AE925B1D6E0AF30046A1C9 /* AppDelegate.swift */,
				75AE925D1D6E0AF30046A1C9 /* ViewController.swift */,
				75AE925F1D6E0AF30046A1C9 /* Main.storyboard */,
				75AE92621D6E0AF30046A1C9 /* Assets.xcassets */,
				75AE92671D6E0AF30046A1C9 /* Info.plist */,
				75AE926D1D6E249B0046A1C9 /* LaunchScreen.storyboard */,
			);
			path = daVinci;
			sourceTree = "<group>";
		};
/* End PBXGroup section */

/* Begin PBXNativeTarget section */
		75AE92571D6E0AF30046A1C9 /* daVinci */ = {
			isa = PBXNativeTarget;
			buildConfigurationList = 75AE926A1D6E0AF30046A1C9 /* Build configuration list for PBXNativeTarget "daVinci" */;
			buildPhases = (
				75AE92541D6E0AF30046A1C9 /* Sources */,
				75AE92551D6E0AF30046A1C9 /* Frameworks */,
				75AE92561D6E0AF30046A1C9 /* Resources */,
			);
			buildRules = (
			);
			dependencies = (
			);
			name = daVinci;
			productName = daVinci;
			productReference = 75AE92581D6E0AF30046A1C9 /* daVinci.app */;
			productType = "com.apple.product-type.application";
		};
/* End PBXNativeTarget section */

/* Begin PBXProject section */
		75AE92501D6E0AF30046A1C9 /* Project object */ = {
			isa = PBXProject;
			attributes = {
				LastSwiftUpdateCheck = 0730;
				LastUpgradeCheck = 0730;
				ORGANIZATIONNAME = "Aileen Pierce";
				TargetAttributes = {
					75AE92571D6E0AF30046A1C9 = {
						CreatedOnToolsVersion = 7.3.1;
					};
				};
			};
			buildConfigurationList = 75AE92531D6E0AF30046A1C9 /* Build configuration list for PBXProject "daVinci" */;
			compatibilityVersion = "Xcode 3.2";
			developmentRegion = English;
			hasScannedForEncodings = 0;
			knownRegions = (
				en,
				Base,
			);
			mainGroup = 75AE924F1D6E0AF30046A1C9;
			productRefGroup = 75AE92591D6E0AF30046A1C9 /* Products */;
			projectDirPath = "";
			projectRoot = "";
			targets = (
				75AE92571D6E0AF30046A1C9 /* daVinci */,
			);
		};
/* End PBXProject section */

/* Begin PBXResourcesBuildPhase section */
		75AE92561D6E0AF30046A1C9 /* Resources */ = {
			isa = PBXResourcesBuildPhase;
			buildActionMask = 2147483647;
			files = (
				75AE926E1D6E249B0046A1C9 /* LaunchScreen.storyboard in Resources */,
				75AE92631D6E0AF30046A1C9 /* Assets.xcassets in Resources */,
				75AE92611D6E0AF30046A1C9 /* Main.storyboard in Resources */,
			);
			runOnlyForDeploymentPostprocessing = 0;
		};
/* End PBXResourcesBuildPhase section */

/* Begin PBXSourcesBuildPhase section */
		75AE92541D6E0AF30046A1C9 /* Sources */ = {
			isa = PBXSourcesBuildPhase;
			buildActionMask = 2147483647;
			files = (
				75AE925E1D6E0AF30046A1C9 /* ViewController.swift in Sources */,
				75AE925C1D6E0AF30046A1C9 /* AppDelegate.swift in Sources */,
			);
			runOnlyForDeploymentPostprocessing = 0;
		};
/* End PBXSourcesBuildPhase section */

/* Begin PBXVariantGroup section */
		75AE925F1D6E0AF30046A1C9 /* Main.storyboard */ = {
			isa = PBXVariantGroup;
			children = (
				75AE92601D6E0AF30046A1C9 /* Base */,
			);
			name = Main.storyboard;
			sourceTree = "<group>";
		};
/* End PBXVariantGroup section */

/* Begin XCBuildConfiguration section */
		75AE92681D6E0AF30046A1C9 /* Debug */ = {
			isa = XCBuildConfiguration;
			buildSettings = {
				ALWAYS_SEARCH_USER_PATHS = NO;
				CLANG_ANALYZER_NONNULL = YES;
				CLANG_CXX_LANGUAGE_STANDARD = "gnu++0x";
				CLANG_CXX_LIBRARY = "libc++";
				CLANG_ENABLE_MODULES = YES;
				CLANG_ENABLE_OBJC_ARC = YES;
				CLANG_WARN_BOOL_CONVERSION = YES;
				CLANG_WARN_CONSTANT_CONVERSION = YES;
				CLANG_WARN_DIRECT_OBJC_ISA_USAGE = YES_ERROR;
				CLANG_WARN_EMPTY_BODY = YES;
				CLANG_WARN_ENUM_CONVERSION = YES;
				CLANG_WARN_INT_CONVERSION = YES;
				CLANG_WARN_OBJC_ROOT_CLASS = YES_ERROR;
				CLANG_WARN_UNREACHABLE_CODE = YES;
				CLANG_WARN__DUPLICATE_METHOD_MATCH = YES;
				"CODE_SIGN_IDENTITY[sdk=iphoneos*]" = "iPhone Developer";
				COPY_PHASE_STRIP = NO;
				DEBUG_INFORMATION_FORMAT = dwarf;
				ENABLE_STRICT_OBJC_MSGSEND = YES;
				ENABLE_TESTABILITY = YES;
				GCC_C_LANGUAGE_STANDARD = gnu99;
				GCC_DYNAMIC_NO_PIC = NO;
				GCC_NO_COMMON_BLOCKS = YES;
				GCC_OPTIMIZATION_LEVEL = 0;
				GCC_PREPROCESSOR_DEFINITIONS = (
					"DEBUG=1",
					"$(inherited)",
				);
				GCC_WARN_64_TO_32_BIT_CONVERSION = YES;
				GCC_WARN_ABOUT_RETURN_TYPE = YES_ERROR;
				GCC_WARN_UNDECLARED_SELECTOR = YES;
				GCC_WARN_UNINITIALIZED_AUTOS = YES_AGGRESSIVE;
				GCC_WARN_UNUSED_FUNCTION = YES;
				GCC_WARN_UNUSED_VARIABLE = YES;
				IPHONEOS_DEPLOYMENT_TARGET = 9.3;
				MTL_ENABLE_DEBUG_INFO = YES;
				ONLY_ACTIVE_ARCH = YES;
				SDKROOT = iphoneos;
				SWIFT_OPTIMIZATION_LEVEL = "-Onone";
				TARGETED_DEVICE_FAMILY = 2;
			};
			name = Debug;
		};
		75AE92691D6E0AF30046A1C9 /* Release */ = {
			isa = XCBuildConfiguration;
			buildSettings = {
				ALWAYS_SEARCH_USER_PATHS = NO;
				CLANG_ANALYZER_NONNULL = YES;
				CLANG_CXX_LANGUAGE_STANDARD = "gnu++0x";
				CLANG_CXX_LIBRARY = "libc++";
				CLANG_ENABLE_MODULES = YES;
				CLANG_ENABLE_OBJC_ARC = YES;
				CLANG_WARN_BOOL_CONVERSION = YES;
				CLANG_WARN_CONSTANT_CONVERSION = YES;
				CLANG_WARN_DIRECT_OBJC_ISA_USAGE = YES_ERROR;
				CLANG_WARN_EMPTY_BODY = YES;
				CLANG_WARN_ENUM_CONVERSION = YES;
				CLANG_WARN_INT_CONVERSION = YES;
				CLANG_WARN_OBJC_ROOT_CLASS = YES_ERROR;
				CLANG_WARN_UNREACHABLE_CODE = YES;
				CLANG_WARN__DUPLICATE_METHOD_MATCH = YES;
				"CODE_SIGN_IDENTITY[sdk=iphoneos*]" = "iPhone Developer";
				COPY_PHASE_STRIP = NO;
				DEBUG_INFORMATION_FORMAT = "dwarf-with-dsym";
				ENABLE_NS_ASSERTIONS = NO;
				ENABLE_STRICT_OBJC_MSGSEND = YES;
				GCC_C_LANGUAGE_STANDARD = gnu99;
				GCC_NO_COMMON_BLOCKS = YES;
				GCC_WARN_64_TO_32_BIT_CONVERSION = YES;
				GCC_WARN_ABOUT_RETURN_TYPE = YES_ERROR;
				GCC_WARN_UNDECLARED_SELECTOR = YES;
				GCC_WARN_UNINITIALIZED_AUTOS = YES_AGGRESSIVE;
				GCC_WARN_UNUSED_FUNCTION = YES;
				GCC_WARN_UNUSED_VARIABLE = YES;
				IPHONEOS_DEPLOYMENT_TARGET = 9.3;
				MTL_ENABLE_DEBUG_INFO = NO;
				SDKROOT = iphoneos;
				TARGETED_DEVICE_FAMILY = 2;
				VALIDATE_PRODUCT = YES;
			};
			name = Release;
		};
		75AE926B1D6E0AF30046A1C9 /* Debug */ = {
			isa = XCBuildConfiguration;
			buildSettings = {
				ASSETCATALOG_COMPILER_APPICON_NAME = AppIcon;
				INFOPLIST_FILE = daVinci/Info.plist;
				LD_RUNPATH_SEARCH_PATHS = "$(inherited) @executable_path/Frameworks";
				PRODUCT_BUNDLE_IDENTIFIER = ATLAS.daVinci;
				PRODUCT_NAME = "$(TARGET_NAME)";
			};
			name = Debug;
		};
		75AE926C1D6E0AF30046A1C9 /* Release */ = {
			isa = XCBuildConfiguration;
			buildSettings = {
				ASSETCATALOG_COMPILER_APPICON_NAME = AppIcon;
				INFOPLIST_FILE = daVinci/Info.plist;
				LD_RUNPATH_SEARCH_PATHS = "$(inherited) @executable_path/Frameworks";
				PRODUCT_BUNDLE_IDENTIFIER = ATLAS.daVinci;
				PRODUCT_NAME = "$(TARGET_NAME)";
			};
			name = Release;
		};
/* End XCBuildConfiguration section */

/* Begin XCConfigurationList section */
		75AE92531D6E0AF30046A1C9 /* Build configuration list for PBXProject "daVinci" */ = {
			isa = XCConfigurationList;
			buildConfigurations = (
				75AE92681D6E0AF30046A1C9 /* Debug */,
				75AE92691D6E0AF30046A1C9 /* Release */,
			);
			defaultConfigurationIsVisible = 0;
			defaultConfigurationName = Release;
		};
		75AE926A1D6E0AF30046A1C9 /* Build configuration list for PBXNativeTarget "daVinci" */ = {
			isa = XCConfigurationList;
			buildConfigurations = (
				75AE926B1D6E0AF30046A1C9 /* Debug */,
				75AE926C1D6E0AF30046A1C9 /* Release */,
			);
			defaultConfigurationIsVisible = 0;
		};
/* End XCConfigurationList section */
	};
	rootObject = 75AE92501D6E0AF30046A1C9 /* Project object */;
}
