// !$*UTF8*$!
{
	archiveVersion = 1;
	classes = {
	};
	objectVersion = 46;
	objects = {

/* Begin PBXBuildFile section */
		75E93B261A104C8500FF0AE3 /* AppDelegate.swift in Sources */ = {isa = PBXBuildFile; fileRef = 75E93B251A104C8500FF0AE3 /* AppDelegate.swift */; };
		75E93B281A104C8500FF0AE3 /* ViewController.swift in Sources */ = {isa = PBXBuildFile; fileRef = 75E93B271A104C8500FF0AE3 /* ViewController.swift */; };
		75E93B2B1A104C8500FF0AE3 /* Main.storyboard in Resources */ = {isa = PBXBuildFile; fileRef = 75E93B291A104C8500FF0AE3 /* Main.storyboard */; };
		75E93B2D1A104C8500FF0AE3 /* Images.xcassets in Resources */ = {isa = PBXBuildFile; fileRef = 75E93B2C1A104C8500FF0AE3 /* Images.xcassets */; };
		75E93B301A104C8500FF0AE3 /* LaunchScreen.xib in Resources */ = {isa = PBXBuildFile; fileRef = 75E93B2E1A104C8500FF0AE3 /* LaunchScreen.xib */; };
		75E93B3C1A104C8500FF0AE3 /* locationTests.swift in Sources */ = {isa = PBXBuildFile; fileRef = 75E93B3B1A104C8500FF0AE3 /* locationTests.swift */; };
		75E93B461A104D1D00FF0AE3 /* CoreLocation.framework in Frameworks */ = {isa = PBXBuildFile; fileRef = 75E93B451A104D1D00FF0AE3 /* CoreLocation.framework */; };
		75E93B481A104D9400FF0AE3 /* MapKit.framework in Frameworks */ = {isa = PBXBuildFile; fileRef = 75E93B471A104D9400FF0AE3 /* MapKit.framework */; };
/* End PBXBuildFile section */

/* Begin PBXContainerItemProxy section */
		75E93B361A104C8500FF0AE3 /* PBXContainerItemProxy */ = {
			isa = PBXContainerItemProxy;
			containerPortal = 75E93B181A104C8500FF0AE3 /* Project object */;
			proxyType = 1;
			remoteGlobalIDString = 75E93B1F1A104C8500FF0AE3;
			remoteInfo = location;
		};
/* End PBXContainerItemProxy section */

/* Begin PBXFileReference section */
		75E93B201A104C8500FF0AE3 /* location.app */ = {isa = PBXFileReference; explicitFileType = wrapper.application; includeInIndex = 0; path = location.app; sourceTree = BUILT_PRODUCTS_DIR; };
		75E93B241A104C8500FF0AE3 /* Info.plist */ = {isa = PBXFileReference; lastKnownFileType = text.plist.xml; path = Info.plist; sourceTree = "<group>"; };
		75E93B251A104C8500FF0AE3 /* AppDelegate.swift */ = {isa = PBXFileReference; lastKnownFileType = sourcecode.swift; path = AppDelegate.swift; sourceTree = "<group>"; };
		75E93B271A104C8500FF0AE3 /* ViewController.swift */ = {isa = PBXFileReference; lastKnownFileType = sourcecode.swift; path = ViewController.swift; sourceTree = "<group>"; };
		75E93B2A1A104C8500FF0AE3 /* Base */ = {isa = PBXFileReference; lastKnownFileType = file.storyboard; name = Base; path = Base.lproj/Main.storyboard; sourceTree = "<group>"; };
		75E93B2C1A104C8500FF0AE3 /* Images.xcassets */ = {isa = PBXFileReference; lastKnownFileType = folder.assetcatalog; path = Images.xcassets; sourceTree = "<group>"; };
		75E93B2F1A104C8500FF0AE3 /* Base */ = {isa = PBXFileReference; lastKnownFileType = file.xib; name = Base; path = Base.lproj/LaunchScreen.xib; sourceTree = "<group>"; };
		75E93B351A104C8500FF0AE3 /* locationTests.xctest */ = {isa = PBXFileReference; explicitFileType = wrapper.cfbundle; includeInIndex = 0; path = locationTests.xctest; sourceTree = BUILT_PRODUCTS_DIR; };
		75E93B3A1A104C8500FF0AE3 /* Info.plist */ = {isa = PBXFileReference; lastKnownFileType = text.plist.xml; path = Info.plist; sourceTree = "<group>"; };
		75E93B3B1A104C8500FF0AE3 /* locationTests.swift */ = {isa = PBXFileReference; lastKnownFileType = sourcecode.swift; path = locationTests.swift; sourceTree = "<group>"; };
		75E93B451A104D1D00FF0AE3 /* CoreLocation.framework */ = {isa = PBXFileReference; lastKnownFileType = wrapper.framework; name = CoreLocation.framework; path = System/Library/Frameworks/CoreLocation.framework; sourceTree = SDKROOT; };
		75E93B471A104D9400FF0AE3 /* MapKit.framework */ = {isa = PBXFileReference; lastKnownFileType = wrapper.framework; name = MapKit.framework; path = System/Library/Frameworks/MapKit.framework; sourceTree = SDKROOT; };
/* End PBXFileReference section */

/* Begin PBXFrameworksBuildPhase section */
		75E93B1D1A104C8500FF0AE3 /* Frameworks */ = {
			isa = PBXFrameworksBuildPhase;
			buildActionMask = 2147483647;
			files = (
				75E93B481A104D9400FF0AE3 /* MapKit.framework in Frameworks */,
				75E93B461A104D1D00FF0AE3 /* CoreLocation.framework in Frameworks */,
			);
			runOnlyForDeploymentPostprocessing = 0;
		};
		75E93B321A104C8500FF0AE3 /* Frameworks */ = {
			isa = PBXFrameworksBuildPhase;
			buildActionMask = 2147483647;
			files = (
			);
			runOnlyForDeploymentPostprocessing = 0;
		};
/* End PBXFrameworksBuildPhase section */

/* Begin PBXGroup section */
		75E93B171A104C8500FF0AE3 = {
			isa = PBXGroup;
			children = (
				75E93B471A104D9400FF0AE3 /* MapKit.framework */,
				75E93B451A104D1D00FF0AE3 /* CoreLocation.framework */,
				75E93B221A104C8500FF0AE3 /* location */,
				75E93B381A104C8500FF0AE3 /* locationTests */,
				75E93B211A104C8500FF0AE3 /* Products */,
			);
			sourceTree = "<group>";
		};
		75E93B211A104C8500FF0AE3 /* Products */ = {
			isa = PBXGroup;
			children = (
				75E93B201A104C8500FF0AE3 /* location.app */,
				75E93B351A104C8500FF0AE3 /* locationTests.xctest */,
			);
			name = Products;
			sourceTree = "<group>";
		};
		75E93B221A104C8500FF0AE3 /* location */ = {
			isa = PBXGroup;
			children = (
				75E93B251A104C8500FF0AE3 /* AppDelegate.swift */,
				75E93B271A104C8500FF0AE3 /* ViewController.swift */,
				75E93B291A104C8500FF0AE3 /* Main.storyboard */,
				75E93B2C1A104C8500FF0AE3 /* Images.xcassets */,
				75E93B2E1A104C8500FF0AE3 /* LaunchScreen.xib */,
				75E93B231A104C8500FF0AE3 /* Supporting Files */,
			);
			path = location;
			sourceTree = "<group>";
		};
		75E93B231A104C8500FF0AE3 /* Supporting Files */ = {
			isa = PBXGroup;
			children = (
				75E93B241A104C8500FF0AE3 /* Info.plist */,
			);
			name = "Supporting Files";
			sourceTree = "<group>";
		};
		75E93B381A104C8500FF0AE3 /* locationTests */ = {
			isa = PBXGroup;
			children = (
				75E93B3B1A104C8500FF0AE3 /* locationTests.swift */,
				75E93B391A104C8500FF0AE3 /* Supporting Files */,
			);
			path = locationTests;
			sourceTree = "<group>";
		};
		75E93B391A104C8500FF0AE3 /* Supporting Files */ = {
			isa = PBXGroup;
			children = (
				75E93B3A1A104C8500FF0AE3 /* Info.plist */,
			);
			name = "Supporting Files";
			sourceTree = "<group>";
		};
/* End PBXGroup section */

/* Begin PBXNativeTarget section */
		75E93B1F1A104C8500FF0AE3 /* location */ = {
			isa = PBXNativeTarget;
			buildConfigurationList = 75E93B3F1A104C8500FF0AE3 /* Build configuration list for PBXNativeTarget "location" */;
			buildPhases = (
				75E93B1C1A104C8500FF0AE3 /* Sources */,
				75E93B1D1A104C8500FF0AE3 /* Frameworks */,
				75E93B1E1A104C8500FF0AE3 /* Resources */,
			);
			buildRules = (
			);
			dependencies = (
			);
			name = location;
			productName = location;
			productReference = 75E93B201A104C8500FF0AE3 /* location.app */;
			productType = "com.apple.product-type.application";
		};
		75E93B341A104C8500FF0AE3 /* locationTests */ = {
			isa = PBXNativeTarget;
			buildConfigurationList = 75E93B421A104C8500FF0AE3 /* Build configuration list for PBXNativeTarget "locationTests" */;
			buildPhases = (
				75E93B311A104C8500FF0AE3 /* Sources */,
				75E93B321A104C8500FF0AE3 /* Frameworks */,
				75E93B331A104C8500FF0AE3 /* Resources */,
			);
			buildRules = (
			);
			dependencies = (
				75E93B371A104C8500FF0AE3 /* PBXTargetDependency */,
			);
			name = locationTests;
			productName = locationTests;
			productReference = 75E93B351A104C8500FF0AE3 /* locationTests.xctest */;
			productType = "com.apple.product-type.bundle.unit-test";
		};
/* End PBXNativeTarget section */

/* Begin PBXProject section */
		75E93B181A104C8500FF0AE3 /* Project object */ = {
			isa = PBXProject;
			attributes = {
				LastSwiftMigration = 0720;
				LastSwiftUpdateCheck = 0720;
				LastUpgradeCheck = 0730;
				ORGANIZATIONNAME = "Aileen Pierce";
				TargetAttributes = {
					75E93B1F1A104C8500FF0AE3 = {
						CreatedOnToolsVersion = 6.1;
					};
					75E93B341A104C8500FF0AE3 = {
						CreatedOnToolsVersion = 6.1;
						TestTargetID = 75E93B1F1A104C8500FF0AE3;
					};
				};
			};
			buildConfigurationList = 75E93B1B1A104C8500FF0AE3 /* Build configuration list for PBXProject "location" */;
			compatibilityVersion = "Xcode 3.2";
			developmentRegion = English;
			hasScannedForEncodings = 0;
			knownRegions = (
				en,
				Base,
			);
			mainGroup = 75E93B171A104C8500FF0AE3;
			productRefGroup = 75E93B211A104C8500FF0AE3 /* Products */;
			projectDirPath = "";
			projectRoot = "";
			targets = (
				75E93B1F1A104C8500FF0AE3 /* location */,
				75E93B341A104C8500FF0AE3 /* locationTests */,
			);
		};
/* End PBXProject section */

/* Begin PBXResourcesBuildPhase section */
		75E93B1E1A104C8500FF0AE3 /* Resources */ = {
			isa = PBXResourcesBuildPhase;
			buildActionMask = 2147483647;
			files = (
				75E93B2B1A104C8500FF0AE3 /* Main.storyboard in Resources */,
				75E93B301A104C8500FF0AE3 /* LaunchScreen.xib in Resources */,
				75E93B2D1A104C8500FF0AE3 /* Images.xcassets in Resources */,
			);
			runOnlyForDeploymentPostprocessing = 0;
		};
		75E93B331A104C8500FF0AE3 /* Resources */ = {
			isa = PBXResourcesBuildPhase;
			buildActionMask = 2147483647;
			files = (
			);
			runOnlyForDeploymentPostprocessing = 0;
		};
/* End PBXResourcesBuildPhase section */

/* Begin PBXSourcesBuildPhase section */
		75E93B1C1A104C8500FF0AE3 /* Sources */ = {
			isa = PBXSourcesBuildPhase;
			buildActionMask = 2147483647;
			files = (
				75E93B281A104C8500FF0AE3 /* ViewController.swift in Sources */,
				75E93B261A104C8500FF0AE3 /* AppDelegate.swift in Sources */,
			);
			runOnlyForDeploymentPostprocessing = 0;
		};
		75E93B311A104C8500FF0AE3 /* Sources */ = {
			isa = PBXSourcesBuildPhase;
			buildActionMask = 2147483647;
			files = (
				75E93B3C1A104C8500FF0AE3 /* locationTests.swift in Sources */,
			);
			runOnlyForDeploymentPostprocessing = 0;
		};
/* End PBXSourcesBuildPhase section */

/* Begin PBXTargetDependency section */
		75E93B371A104C8500FF0AE3 /* PBXTargetDependency */ = {
			isa = PBXTargetDependency;
			target = 75E93B1F1A104C8500FF0AE3 /* location */;
			targetProxy = 75E93B361A104C8500FF0AE3 /* PBXContainerItemProxy */;
		};
/* End PBXTargetDependency section */

/* Begin PBXVariantGroup section */
		75E93B291A104C8500FF0AE3 /* Main.storyboard */ = {
			isa = PBXVariantGroup;
			children = (
				75E93B2A1A104C8500FF0AE3 /* Base */,
			);
			name = Main.storyboard;
			sourceTree = "<group>";
		};
		75E93B2E1A104C8500FF0AE3 /* LaunchScreen.xib */ = {
			isa = PBXVariantGroup;
			children = (
				75E93B2F1A104C8500FF0AE3 /* Base */,
			);
			name = LaunchScreen.xib;
			sourceTree = "<group>";
		};
/* End PBXVariantGroup section */

/* Begin XCBuildConfiguration section */
		75E93B3D1A104C8500FF0AE3 /* Debug */ = {
			isa = XCBuildConfiguration;
			buildSettings = {
				ALWAYS_SEARCH_USER_PATHS = NO;
				CLANG_CXX_LANGUAGE_STANDARD = "gnu++0x";
				CLANG_CXX_LIBRARY = "libc++";
				CLANG_ENABLE_MODULES = YES;
				CLANG_ENABLE_OBJC_ARC = YES;
				CLANG_WARN_BOOL_CONVERSION = YES;
				CLANG_WARN_CONSTANT_CONVERSION = YES;
				CLANG_WARN_DIRECT_OBJC_ISA_USAGE = YES_ERROR;
				CLANG_WARN_EMPTY_BODY = YES;
				CLANG_WARN_ENUM_CONVERSION = YES;
				CLANG_WARN_INT_CONVERSION = YES;
				CLANG_WARN_OBJC_ROOT_CLASS = YES_ERROR;
				CLANG_WARN_UNREACHABLE_CODE = YES;
				CLANG_WARN__DUPLICATE_METHOD_MATCH = YES;
				"CODE_SIGN_IDENTITY[sdk=iphoneos*]" = "iPhone Developer";
				COPY_PHASE_STRIP = NO;
				ENABLE_STRICT_OBJC_MSGSEND = YES;
				ENABLE_TESTABILITY = YES;
				GCC_C_LANGUAGE_STANDARD = gnu99;
				GCC_DYNAMIC_NO_PIC = NO;
				GCC_OPTIMIZATION_LEVEL = 0;
				GCC_PREPROCESSOR_DEFINITIONS = (
					"DEBUG=1",
					"$(inherited)",
				);
				GCC_SYMBOLS_PRIVATE_EXTERN = NO;
				GCC_WARN_64_TO_32_BIT_CONVERSION = YES;
				GCC_WARN_ABOUT_RETURN_TYPE = YES_ERROR;
				GCC_WARN_UNDECLARED_SELECTOR = YES;
				GCC_WARN_UNINITIALIZED_AUTOS = YES_AGGRESSIVE;
				GCC_WARN_UNUSED_FUNCTION = YES;
				GCC_WARN_UNUSED_VARIABLE = YES;
				IPHONEOS_DEPLOYMENT_TARGET = 8.1;
				MTL_ENABLE_DEBUG_INFO = YES;
				ONLY_ACTIVE_ARCH = YES;
				SDKROOT = iphoneos;
				SWIFT_OPTIMIZATION_LEVEL = "-Onone";
			};
			name = Debug;
		};
		75E93B3E1A104C8500FF0AE3 /* Release */ = {
			isa = XCBuildConfiguration;
			buildSettings = {
				ALWAYS_SEARCH_USER_PATHS = NO;
				CLANG_CXX_LANGUAGE_STANDARD = "gnu++0x";
				CLANG_CXX_LIBRARY = "libc++";
				CLANG_ENABLE_MODULES = YES;
				CLANG_ENABLE_OBJC_ARC = YES;
				CLANG_WARN_BOOL_CONVERSION = YES;
				CLANG_WARN_CONSTANT_CONVERSION = YES;
				CLANG_WARN_DIRECT_OBJC_ISA_USAGE = YES_ERROR;
				CLANG_WARN_EMPTY_BODY = YES;
				CLANG_WARN_ENUM_CONVERSION = YES;
				CLANG_WARN_INT_CONVERSION = YES;
				CLANG_WARN_OBJC_ROOT_CLASS = YES_ERROR;
				CLANG_WARN_UNREACHABLE_CODE = YES;
				CLANG_WARN__DUPLICATE_METHOD_MATCH = YES;
				"CODE_SIGN_IDENTITY[sdk=iphoneos*]" = "iPhone Developer";
				COPY_PHASE_STRIP = YES;
				ENABLE_NS_ASSERTIONS = NO;
				ENABLE_STRICT_OBJC_MSGSEND = YES;
				GCC_C_LANGUAGE_STANDARD = gnu99;
				GCC_WARN_64_TO_32_BIT_CONVERSION = YES;
				GCC_WARN_ABOUT_RETURN_TYPE = YES_ERROR;
				GCC_WARN_UNDECLARED_SELECTOR = YES;
				GCC_WARN_UNINITIALIZED_AUTOS = YES_AGGRESSIVE;
				GCC_WARN_UNUSED_FUNCTION = YES;
				GCC_WARN_UNUSED_VARIABLE = YES;
				IPHONEOS_DEPLOYMENT_TARGET = 8.1;
				MTL_ENABLE_DEBUG_INFO = NO;
				SDKROOT = iphoneos;
				VALIDATE_PRODUCT = YES;
			};
			name = Release;
		};
		75E93B401A104C8500FF0AE3 /* Debug */ = {
			isa = XCBuildConfiguration;
			buildSettings = {
				ASSETCATALOG_COMPILER_APPICON_NAME = AppIcon;
				INFOPLIST_FILE = location/Info.plist;
				LD_RUNPATH_SEARCH_PATHS = "$(inherited) @executable_path/Frameworks";
				PRODUCT_BUNDLE_IDENTIFIER = "AJP.$(PRODUCT_NAME:rfc1034identifier)";
				PRODUCT_NAME = "$(TARGET_NAME)";
			};
			name = Debug;
		};
		75E93B411A104C8500FF0AE3 /* Release */ = {
			isa = XCBuildConfiguration;
			buildSettings = {
				ASSETCATALOG_COMPILER_APPICON_NAME = AppIcon;
				INFOPLIST_FILE = location/Info.plist;
				LD_RUNPATH_SEARCH_PATHS = "$(inherited) @executable_path/Frameworks";
				PRODUCT_BUNDLE_IDENTIFIER = "AJP.$(PRODUCT_NAME:rfc1034identifier)";
				PRODUCT_NAME = "$(TARGET_NAME)";
			};
			name = Release;
		};
		75E93B431A104C8500FF0AE3 /* Debug */ = {
			isa = XCBuildConfiguration;
			buildSettings = {
				BUNDLE_LOADER = "$(TEST_HOST)";
				FRAMEWORK_SEARCH_PATHS = (
					"$(SDKROOT)/Developer/Library/Frameworks",
					"$(inherited)",
				);
				GCC_PREPROCESSOR_DEFINITIONS = (
					"DEBUG=1",
					"$(inherited)",
				);
				INFOPLIST_FILE = locationTests/Info.plist;
				LD_RUNPATH_SEARCH_PATHS = "$(inherited) @executable_path/Frameworks @loader_path/Frameworks";
				PRODUCT_BUNDLE_IDENTIFIER = "AJP.$(PRODUCT_NAME:rfc1034identifier)";
				PRODUCT_NAME = "$(TARGET_NAME)";
				TEST_HOST = "$(BUILT_PRODUCTS_DIR)/location.app/location";
			};
			name = Debug;
		};
		75E93B441A104C8500FF0AE3 /* Release */ = {
			isa = XCBuildConfiguration;
			buildSettings = {
				BUNDLE_LOADER = "$(TEST_HOST)";
				FRAMEWORK_SEARCH_PATHS = (
					"$(SDKROOT)/Developer/Library/Frameworks",
					"$(inherited)",
				);
				INFOPLIST_FILE = locationTests/Info.plist;
				LD_RUNPATH_SEARCH_PATHS = "$(inherited) @executable_path/Frameworks @loader_path/Frameworks";
				PRODUCT_BUNDLE_IDENTIFIER = "AJP.$(PRODUCT_NAME:rfc1034identifier)";
				PRODUCT_NAME = "$(TARGET_NAME)";
				TEST_HOST = "$(BUILT_PRODUCTS_DIR)/location.app/location";
			};
			name = Release;
		};
/* End XCBuildConfiguration section */

/* Begin XCConfigurationList section */
		75E93B1B1A104C8500FF0AE3 /* Build configuration list for PBXProject "location" */ = {
			isa = XCConfigurationList;
			buildConfigurations = (
				75E93B3D1A104C8500FF0AE3 /* Debug */,
				75E93B3E1A104C8500FF0AE3 /* Release */,
			);
			defaultConfigurationIsVisible = 0;
			defaultConfigurationName = Release;
		};
		75E93B3F1A104C8500FF0AE3 /* Build configuration list for PBXNativeTarget "location" */ = {
			isa = XCConfigurationList;
			buildConfigurations = (
				75E93B401A104C8500FF0AE3 /* Debug */,
				75E93B411A104C8500FF0AE3 /* Release */,
			);
			defaultConfigurationIsVisible = 0;
			defaultConfigurationName = Release;
		};
		75E93B421A104C8500FF0AE3 /* Build configuration list for PBXNativeTarget "locationTests" */ = {
			isa = XCConfigurationList;
			buildConfigurations = (
				75E93B431A104C8500FF0AE3 /* Debug */,
				75E93B441A104C8500FF0AE3 /* Release */,
			);
			defaultConfigurationIsVisible = 0;
			defaultConfigurationName = Release;
		};
/* End XCConfigurationList section */
	};
	rootObject = 75E93B181A104C8500FF0AE3 /* Project object */;
}
