// !$*UTF8*$!
{
	archiveVersion = 1;
	classes = {
	};
	objectVersion = 46;
	objects = {

/* Begin PBXBuildFile section */
		75779EDA1C6A90C000E7128C /* AppDelegate.swift in Sources */ = {isa = PBXBuildFile; fileRef = 75779ED91C6A90C000E7128C /* AppDelegate.swift */; };
		75779EDC1C6A90C000E7128C /* MasterViewController.swift in Sources */ = {isa = PBXBuildFile; fileRef = 75779EDB1C6A90C000E7128C /* MasterViewController.swift */; };
		75779EDE1C6A90C000E7128C /* DetailViewController.swift in Sources */ = {isa = PBXBuildFile; fileRef = 75779EDD1C6A90C000E7128C /* DetailViewController.swift */; };
		75779EE11C6A90C000E7128C /* Main.storyboard in Resources */ = {isa = PBXBuildFile; fileRef = 75779EDF1C6A90C000E7128C /* Main.storyboard */; };
		75779EE31C6A90C000E7128C /* Assets.xcassets in Resources */ = {isa = PBXBuildFile; fileRef = 75779EE21C6A90C000E7128C /* Assets.xcassets */; };
		75779EE61C6A90C000E7128C /* LaunchScreen.storyboard in Resources */ = {isa = PBXBuildFile; fileRef = 75779EE41C6A90C000E7128C /* LaunchScreen.storyboard */; };
		75779EEE1C6AB9E800E7128C /* harrypotter.plist in Resources */ = {isa = PBXBuildFile; fileRef = 75779EED1C6AB9E800E7128C /* harrypotter.plist */; };
/* End PBXBuildFile section */

/* Begin PBXFileReference section */
		75779ED61C6A90C000E7128C /* harrypotter.app */ = {isa = PBXFileReference; explicitFileType = wrapper.application; includeInIndex = 0; path = harrypotter.app; sourceTree = BUILT_PRODUCTS_DIR; };
		75779ED91C6A90C000E7128C /* AppDelegate.swift */ = {isa = PBXFileReference; lastKnownFileType = sourcecode.swift; path = AppDelegate.swift; sourceTree = "<group>"; };
		75779EDB1C6A90C000E7128C /* MasterViewController.swift */ = {isa = PBXFileReference; lastKnownFileType = sourcecode.swift; path = MasterViewController.swift; sourceTree = "<group>"; };
		75779EDD1C6A90C000E7128C /* DetailViewController.swift */ = {isa = PBXFileReference; lastKnownFileType = sourcecode.swift; path = DetailViewController.swift; sourceTree = "<group>"; };
		75779EE01C6A90C000E7128C /* Base */ = {isa = PBXFileReference; lastKnownFileType = file.storyboard; name = Base; path = Base.lproj/Main.storyboard; sourceTree = "<group>"; };
		75779EE21C6A90C000E7128C /* Assets.xcassets */ = {isa = PBXFileReference; lastKnownFileType = folder.assetcatalog; path = Assets.xcassets; sourceTree = "<group>"; };
		75779EE51C6A90C000E7128C /* Base */ = {isa = PBXFileReference; lastKnownFileType = file.storyboard; name = Base; path = Base.lproj/LaunchScreen.storyboard; sourceTree = "<group>"; };
		75779EE71C6A90C000E7128C /* Info.plist */ = {isa = PBXFileReference; lastKnownFileType = text.plist.xml; path = Info.plist; sourceTree = "<group>"; };
		75779EED1C6AB9E800E7128C /* harrypotter.plist */ = {isa = PBXFileReference; fileEncoding = 4; lastKnownFileType = text.plist.xml; path = harrypotter.plist; sourceTree = "<group>"; };
/* End PBXFileReference section */

/* Begin PBXFrameworksBuildPhase section */
		75779ED31C6A90C000E7128C /* Frameworks */ = {
			isa = PBXFrameworksBuildPhase;
			buildActionMask = 2147483647;
			files = (
			);
			runOnlyForDeploymentPostprocessing = 0;
		};
/* End PBXFrameworksBuildPhase section */

/* Begin PBXGroup section */
		75779ECD1C6A90C000E7128C = {
			isa = PBXGroup;
			children = (
				75779ED81C6A90C000E7128C /* harrypotter */,
				75779ED71C6A90C000E7128C /* Products */,
			);
			sourceTree = "<group>";
		};
		75779ED71C6A90C000E7128C /* Products */ = {
			isa = PBXGroup;
			children = (
				75779ED61C6A90C000E7128C /* harrypotter.app */,
			);
			name = Products;
			sourceTree = "<group>";
		};
		75779ED81C6A90C000E7128C /* harrypotter */ = {
			isa = PBXGroup;
			children = (
				75779ED91C6A90C000E7128C /* AppDelegate.swift */,
				75779EDB1C6A90C000E7128C /* MasterViewController.swift */,
				75779EDD1C6A90C000E7128C /* DetailViewController.swift */,
				75779EDF1C6A90C000E7128C /* Main.storyboard */,
				75779EE21C6A90C000E7128C /* Assets.xcassets */,
				75779EE41C6A90C000E7128C /* LaunchScreen.storyboard */,
				75779EED1C6AB9E800E7128C /* harrypotter.plist */,
				75779EE71C6A90C000E7128C /* Info.plist */,
			);
			path = harrypotter;
			sourceTree = "<group>";
		};
/* End PBXGroup section */

/* Begin PBXNativeTarget section */
		75779ED51C6A90C000E7128C /* harrypotter */ = {
			isa = PBXNativeTarget;
			buildConfigurationList = 75779EEA1C6A90C000E7128C /* Build configuration list for PBXNativeTarget "harrypotter" */;
			buildPhases = (
				75779ED21C6A90C000E7128C /* Sources */,
				75779ED31C6A90C000E7128C /* Frameworks */,
				75779ED41C6A90C000E7128C /* Resources */,
			);
			buildRules = (
			);
			dependencies = (
			);
			name = harrypotter;
			productName = harrypotter;
			productReference = 75779ED61C6A90C000E7128C /* harrypotter.app */;
			productType = "com.apple.product-type.application";
		};
/* End PBXNativeTarget section */

/* Begin PBXProject section */
		75779ECE1C6A90C000E7128C /* Project object */ = {
			isa = PBXProject;
			attributes = {
				LastSwiftUpdateCheck = 0720;
				LastUpgradeCheck = 0720;
				ORGANIZATIONNAME = "Aileen Pierce";
				TargetAttributes = {
					75779ED51C6A90C000E7128C = {
						CreatedOnToolsVersion = 7.2;
					};
				};
			};
			buildConfigurationList = 75779ED11C6A90C000E7128C /* Build configuration list for PBXProject "harrypotter" */;
			compatibilityVersion = "Xcode 3.2";
			developmentRegion = English;
			hasScannedForEncodings = 0;
			knownRegions = (
				en,
				Base,
			);
			mainGroup = 75779ECD1C6A90C000E7128C;
			productRefGroup = 75779ED71C6A90C000E7128C /* Products */;
			projectDirPath = "";
			projectRoot = "";
			targets = (
				75779ED51C6A90C000E7128C /* harrypotter */,
			);
		};
/* End PBXProject section */

/* Begin PBXResourcesBuildPhase section */
		75779ED41C6A90C000E7128C /* Resources */ = {
			isa = PBXResourcesBuildPhase;
			buildActionMask = 2147483647;
			files = (
				75779EE61C6A90C000E7128C /* LaunchScreen.storyboard in Resources */,
				75779EE31C6A90C000E7128C /* Assets.xcassets in Resources */,
				75779EE11C6A90C000E7128C /* Main.storyboard in Resources */,
				75779EEE1C6AB9E800E7128C /* harrypotter.plist in Resources */,
			);
			runOnlyForDeploymentPostprocessing = 0;
		};
/* End PBXResourcesBuildPhase section */

/* Begin PBXSourcesBuildPhase section */
		75779ED21C6A90C000E7128C /* Sources */ = {
			isa = PBXSourcesBuildPhase;
			buildActionMask = 2147483647;
			files = (
				75779EDE1C6A90C000E7128C /* DetailViewController.swift in Sources */,
				75779EDC1C6A90C000E7128C /* MasterViewController.swift in Sources */,
				75779EDA1C6A90C000E7128C /* AppDelegate.swift in Sources */,
			);
			runOnlyForDeploymentPostprocessing = 0;
		};
/* End PBXSourcesBuildPhase section */

/* Begin PBXVariantGroup section */
		75779EDF1C6A90C000E7128C /* Main.storyboard */ = {
			isa = PBXVariantGroup;
			children = (
				75779EE01C6A90C000E7128C /* Base */,
			);
			name = Main.storyboard;
			sourceTree = "<group>";
		};
		75779EE41C6A90C000E7128C /* LaunchScreen.storyboard */ = {
			isa = PBXVariantGroup;
			children = (
				75779EE51C6A90C000E7128C /* Base */,
			);
			name = LaunchScreen.storyboard;
			sourceTree = "<group>";
		};
/* End PBXVariantGroup section */

/* Begin XCBuildConfiguration section */
		75779EE81C6A90C000E7128C /* Debug */ = {
			isa = XCBuildConfiguration;
			buildSettings = {
				ALWAYS_SEARCH_USER_PATHS = NO;
				CLANG_CXX_LANGUAGE_STANDARD = "gnu++0x";
				CLANG_CXX_LIBRARY = "libc++";
				CLANG_ENABLE_MODULES = YES;
				CLANG_ENABLE_OBJC_ARC = YES;
				CLANG_WARN_BOOL_CONVERSION = YES;
				CLANG_WARN_CONSTANT_CONVERSION = YES;
				CLANG_WARN_DIRECT_OBJC_ISA_USAGE = YES_ERROR;
				CLANG_WARN_EMPTY_BODY = YES;
				CLANG_WARN_ENUM_CONVERSION = YES;
				CLANG_WARN_INT_CONVERSION = YES;
				CLANG_WARN_OBJC_ROOT_CLASS = YES_ERROR;
				CLANG_WARN_UNREACHABLE_CODE = YES;
				CLANG_WARN__DUPLICATE_METHOD_MATCH = YES;
				"CODE_SIGN_IDENTITY[sdk=iphoneos*]" = "iPhone Developer";
				COPY_PHASE_STRIP = NO;
				DEBUG_INFORMATION_FORMAT = dwarf;
				ENABLE_STRICT_OBJC_MSGSEND = YES;
				ENABLE_TESTABILITY = YES;
				GCC_C_LANGUAGE_STANDARD = gnu99;
				GCC_DYNAMIC_NO_PIC = NO;
				GCC_NO_COMMON_BLOCKS = YES;
				GCC_OPTIMIZATION_LEVEL = 0;
				GCC_PREPROCESSOR_DEFINITIONS = (
					"DEBUG=1",
					"$(inherited)",
				);
				GCC_WARN_64_TO_32_BIT_CONVERSION = YES;
				GCC_WARN_ABOUT_RETURN_TYPE = YES_ERROR;
				GCC_WARN_UNDECLARED_SELECTOR = YES;
				GCC_WARN_UNINITIALIZED_AUTOS = YES_AGGRESSIVE;
				GCC_WARN_UNUSED_FUNCTION = YES;
				GCC_WARN_UNUSED_VARIABLE = YES;
				IPHONEOS_DEPLOYMENT_TARGET = 9.2;
				MTL_ENABLE_DEBUG_INFO = YES;
				ONLY_ACTIVE_ARCH = YES;
				SDKROOT = iphoneos;
				SWIFT_OPTIMIZATION_LEVEL = "-Onone";
				TARGETED_DEVICE_FAMILY = "1,2";
			};
			name = Debug;
		};
		75779EE91C6A90C000E7128C /* Release */ = {
			isa = XCBuildConfiguration;
			buildSettings = {
				ALWAYS_SEARCH_USER_PATHS = NO;
				CLANG_CXX_LANGUAGE_STANDARD = "gnu++0x";
				CLANG_CXX_LIBRARY = "libc++";
				CLANG_ENABLE_MODULES = YES;
				CLANG_ENABLE_OBJC_ARC = YES;
				CLANG_WARN_BOOL_CONVERSION = YES;
				CLANG_WARN_CONSTANT_CONVERSION = YES;
				CLANG_WARN_DIRECT_OBJC_ISA_USAGE = YES_ERROR;
				CLANG_WARN_EMPTY_BODY = YES;
				CLANG_WARN_ENUM_CONVERSION = YES;
				CLANG_WARN_INT_CONVERSION = YES;
				CLANG_WARN_OBJC_ROOT_CLASS = YES_ERROR;
				CLANG_WARN_UNREACHABLE_CODE = YES;
				CLANG_WARN__DUPLICATE_METHOD_MATCH = YES;
				"CODE_SIGN_IDENTITY[sdk=iphoneos*]" = "iPhone Developer";
				COPY_PHASE_STRIP = NO;
				DEBUG_INFORMATION_FORMAT = "dwarf-with-dsym";
				ENABLE_NS_ASSERTIONS = NO;
				ENABLE_STRICT_OBJC_MSGSEND = YES;
				GCC_C_LANGUAGE_STANDARD = gnu99;
				GCC_NO_COMMON_BLOCKS = YES;
				GCC_WARN_64_TO_32_BIT_CONVERSION = YES;
				GCC_WARN_ABOUT_RETURN_TYPE = YES_ERROR;
				GCC_WARN_UNDECLARED_SELECTOR = YES;
				GCC_WARN_UNINITIALIZED_AUTOS = YES_AGGRESSIVE;
				GCC_WARN_UNUSED_FUNCTION = YES;
				GCC_WARN_UNUSED_VARIABLE = YES;
				IPHONEOS_DEPLOYMENT_TARGET = 9.2;
				MTL_ENABLE_DEBUG_INFO = NO;
				SDKROOT = iphoneos;
				TARGETED_DEVICE_FAMILY = "1,2";
				VALIDATE_PRODUCT = YES;
			};
			name = Release;
		};
		75779EEB1C6A90C000E7128C /* Debug */ = {
			isa = XCBuildConfiguration;
			buildSettings = {
				ASSETCATALOG_COMPILER_APPICON_NAME = AppIcon;
				INFOPLIST_FILE = harrypotter/Info.plist;
				LD_RUNPATH_SEARCH_PATHS = "$(inherited) @executable_path/Frameworks";
				PRODUCT_BUNDLE_IDENTIFIER = TAM.harrypotter;
				PRODUCT_NAME = "$(TARGET_NAME)";
			};
			name = Debug;
		};
		75779EEC1C6A90C000E7128C /* Release */ = {
			isa = XCBuildConfiguration;
			buildSettings = {
				ASSETCATALOG_COMPILER_APPICON_NAME = AppIcon;
				INFOPLIST_FILE = harrypotter/Info.plist;
				LD_RUNPATH_SEARCH_PATHS = "$(inherited) @executable_path/Frameworks";
				PRODUCT_BUNDLE_IDENTIFIER = TAM.harrypotter;
				PRODUCT_NAME = "$(TARGET_NAME)";
			};
			name = Release;
		};
/* End XCBuildConfiguration section */

/* Begin XCConfigurationList section */
		75779ED11C6A90C000E7128C /* Build configuration list for PBXProject "harrypotter" */ = {
			isa = XCConfigurationList;
			buildConfigurations = (
				75779EE81C6A90C000E7128C /* Debug */,
				75779EE91C6A90C000E7128C /* Release */,
			);
			defaultConfigurationIsVisible = 0;
			defaultConfigurationName = Release;
		};
		75779EEA1C6A90C000E7128C /* Build configuration list for PBXNativeTarget "harrypotter" */ = {
			isa = XCConfigurationList;
			buildConfigurations = (
				75779EEB1C6A90C000E7128C /* Debug */,
				75779EEC1C6A90C000E7128C /* Release */,
			);
			defaultConfigurationIsVisible = 0;
		};
/* End XCConfigurationList section */
	};
	rootObject = 75779ECE1C6A90C000E7128C /* Project object */;
}
